
Microsoft Visual Studio Solution File, Format Version 12.00
# Visual Studio Version 16
VisualStudioVersion = 16.0.29215.179
MinimumVisualStudioVersion = 10.0.40219.1
Project("{9A19103F-16F7-4668-BE54-9A1E7A4F7556}") = "WebCrawler.Abstractions", "WebCrawler.Abstractions\WebCrawler.Abstractions.csproj", "{A1AFF429-010E-4378-AD5D-D909803CA19F}"
EndProject
Project("{9A19103F-16F7-4668-BE54-9A1E7A4F7556}") = "WebCrawler.Core", "WebCrawler.Core\WebCrawler.Core.csproj", "{C69AA336-09B3-4946-B646-3579820D21D3}"
EndProject
Project("{2150E333-8FDC-42A3-9474-1A3956D46DE8}") = "Test", "Test", "{AF89861D-947F-4A93-87DB-E107B8389CB4}"
EndProject
Project("{FAE04EC0-301F-11D3-BF4B-00C04F79EFBC}") = "WebCrawler.Simple", "WebCrawler.Simple\WebCrawler.Simple.csproj", "{4D14A6D7-2B92-4FDA-9319-156AFD3EA12C}"
EndProject
Global
	GlobalSection(SolutionConfigurationPlatforms) = preSolution
		Debug|Any CPU = Debug|Any CPU
		Release|Any CPU = Release|Any CPU
	EndGlobalSection
	GlobalSection(ProjectConfigurationPlatforms) = postSolution
		{A1AFF429-010E-4378-AD5D-D909803CA19F}.Debug|Any CPU.ActiveCfg = Debug|Any CPU
		{A1AFF429-010E-4378-AD5D-D909803CA19F}.Debug|Any CPU.Build.0 = Debug|Any CPU
		{A1AFF429-010E-4378-AD5D-D909803CA19F}.Release|Any CPU.ActiveCfg = Release|Any CPU
		{A1AFF429-010E-4378-AD5D-D909803CA19F}.Release|Any CPU.Build.0 = Release|Any CPU
		{C69AA336-09B3-4946-B646-3579820D21D3}.Debug|Any CPU.ActiveCfg = Debug|Any CPU
		{C69AA336-09B3-4946-B646-3579820D21D3}.Debug|Any CPU.Build.0 = Debug|Any CPU
		{C69AA336-09B3-4946-B646-3579820D21D3}.Release|Any CPU.ActiveCfg = Release|Any CPU
		{C69AA336-09B3-4946-B646-3579820D21D3}.Release|Any CPU.Build.0 = Release|Any CPU
		{4D14A6D7-2B92-4FDA-9319-156AFD3EA12C}.Debug|Any CPU.ActiveCfg = Debug|Any CPU
		{4D14A6D7-2B92-4FDA-9319-156AFD3EA12C}.Debug|Any CPU.Build.0 = Debug|Any CPU
		{4D14A6D7-2B92-4FDA-9319-156AFD3EA12C}.Release|Any CPU.ActiveCfg = Release|Any CPU
		{4D14A6D7-2B92-4FDA-9319-156AFD3EA12C}.Release|Any CPU.Build.0 = Release|Any CPU
	EndGlobalSection
	GlobalSection(SolutionProperties) = preSolution
		HideSolutionNode = FALSE
	EndGlobalSection
	GlobalSection(NestedProjects) = preSolution
		{4D14A6D7-2B92-4FDA-9319-156AFD3EA12C} = {AF89861D-947F-4A93-87DB-E107B8389CB4}
	EndGlobalSection
	GlobalSection(ExtensibilityGlobals) = postSolution
		SolutionGuid = {EF495028-B5F4-49B5-B7E4-34DCB647273C}
	EndGlobalSection
EndGlobal
